
Microsoft Visual Studio Solution File, Format Version 12.00
# Visual Studio Version 16
VisualStudioVersion = 16.0.31129.286
MinimumVisualStudioVersion = 10.0.40219.1
Project("{FAE04EC0-301F-11D3-BF4B-00C04F79EFBC}") = "C", "C\C.csproj", "{5E08A5CD-8F29-4AB2-9119-73E445A23FEC}"
EndProject
Global
	GlobalSection(SolutionConfigurationPlatforms) = preSolution
		Debug|Any CPU = Debug|Any CPU
		Release|Any CPU = Release|Any CPU
	EndGlobalSection
	GlobalSection(ProjectConfigurationPlatforms) = postSolution
		{5E08A5CD-8F29-4AB2-9119-73E445A23FEC}.Debug|Any CPU.ActiveCfg = Debug|Any CPU
		{5E08A5CD-8F29-4AB2-9119-73E445A23FEC}.Debug|Any CPU.Build.0 = Debug|Any CPU
		{5E08A5CD-8F29-4AB2-9119-73E445A23FEC}.Release|Any CPU.ActiveCfg = Release|Any CPU
		{5E08A5CD-8F29-4AB2-9119-73E445A23FEC}.Release|Any CPU.Build.0 = Release|Any CPU
	EndGlobalSection
	GlobalSection(SolutionProperties) = preSolution
		HideSolutionNode = FALSE
	EndGlobalSection
	GlobalSection(ExtensibilityGlobals) = postSolution
		SolutionGuid = {66D25F41-E517-4809-85E8-D130D7FF1F03}
	EndGlobalSection
EndGlobal
