
Microsoft Visual Studio Solution File, Format Version 12.00
# Visual Studio Version 16
VisualStudioVersion = 16.0.31129.286
MinimumVisualStudioVersion = 10.0.40219.1
Project("{FAE04EC0-301F-11D3-BF4B-00C04F79EFBC}") = "C2", "C2\C2.csproj", "{F113BB9B-8F66-452E-A344-ACD61774810E}"
EndProject
Global
	GlobalSection(SolutionConfigurationPlatforms) = preSolution
		Debug|Any CPU = Debug|Any CPU
		Release|Any CPU = Release|Any CPU
	EndGlobalSection
	GlobalSection(ProjectConfigurationPlatforms) = postSolution
		{F113BB9B-8F66-452E-A344-ACD61774810E}.Debug|Any CPU.ActiveCfg = Debug|Any CPU
		{F113BB9B-8F66-452E-A344-ACD61774810E}.Debug|Any CPU.Build.0 = Debug|Any CPU
		{F113BB9B-8F66-452E-A344-ACD61774810E}.Release|Any CPU.ActiveCfg = Release|Any CPU
		{F113BB9B-8F66-452E-A344-ACD61774810E}.Release|Any CPU.Build.0 = Release|Any CPU
	EndGlobalSection
	GlobalSection(SolutionProperties) = preSolution
		HideSolutionNode = FALSE
	EndGlobalSection
	GlobalSection(ExtensibilityGlobals) = postSolution
		SolutionGuid = {E91E4242-2E82-4B00-98CD-1FF81D11321A}
	EndGlobalSection
EndGlobal
