
Microsoft Visual Studio Solution File, Format Version 12.00
# Visual Studio Version 16
VisualStudioVersion = 16.0.31129.286
MinimumVisualStudioVersion = 10.0.40219.1
Project("{FAE04EC0-301F-11D3-BF4B-00C04F79EFBC}") = "B", "B\B.csproj", "{C9E30704-D7BD-4046-A842-90732FE6C680}"
EndProject
Global
	GlobalSection(SolutionConfigurationPlatforms) = preSolution
		Debug|Any CPU = Debug|Any CPU
		Release|Any CPU = Release|Any CPU
	EndGlobalSection
	GlobalSection(ProjectConfigurationPlatforms) = postSolution
		{C9E30704-D7BD-4046-A842-90732FE6C680}.Debug|Any CPU.ActiveCfg = Debug|Any CPU
		{C9E30704-D7BD-4046-A842-90732FE6C680}.Debug|Any CPU.Build.0 = Debug|Any CPU
		{C9E30704-D7BD-4046-A842-90732FE6C680}.Release|Any CPU.ActiveCfg = Release|Any CPU
		{C9E30704-D7BD-4046-A842-90732FE6C680}.Release|Any CPU.Build.0 = Release|Any CPU
	EndGlobalSection
	GlobalSection(SolutionProperties) = preSolution
		HideSolutionNode = FALSE
	EndGlobalSection
	GlobalSection(ExtensibilityGlobals) = postSolution
		SolutionGuid = {DBA0133C-ECBB-451B-8EC9-1547AE60BDC9}
	EndGlobalSection
EndGlobal
