
Microsoft Visual Studio Solution File, Format Version 12.00
# Visual Studio Version 16
VisualStudioVersion = 16.0.31129.286
MinimumVisualStudioVersion = 10.0.40219.1
Project("{FAE04EC0-301F-11D3-BF4B-00C04F79EFBC}") = "C", "C\C.csproj", "{46386591-5BB8-4F40-ACA0-8A141B327B8D}"
EndProject
Global
	GlobalSection(SolutionConfigurationPlatforms) = preSolution
		Debug|Any CPU = Debug|Any CPU
		Release|Any CPU = Release|Any CPU
	EndGlobalSection
	GlobalSection(ProjectConfigurationPlatforms) = postSolution
		{46386591-5BB8-4F40-ACA0-8A141B327B8D}.Debug|Any CPU.ActiveCfg = Debug|Any CPU
		{46386591-5BB8-4F40-ACA0-8A141B327B8D}.Debug|Any CPU.Build.0 = Debug|Any CPU
		{46386591-5BB8-4F40-ACA0-8A141B327B8D}.Release|Any CPU.ActiveCfg = Release|Any CPU
		{46386591-5BB8-4F40-ACA0-8A141B327B8D}.Release|Any CPU.Build.0 = Release|Any CPU
	EndGlobalSection
	GlobalSection(SolutionProperties) = preSolution
		HideSolutionNode = FALSE
	EndGlobalSection
	GlobalSection(ExtensibilityGlobals) = postSolution
		SolutionGuid = {17724764-FBCC-42B2-8269-CE79B6174219}
	EndGlobalSection
EndGlobal
