
Microsoft Visual Studio Solution File, Format Version 12.00
# Visual Studio Version 16
VisualStudioVersion = 16.0.31129.286
MinimumVisualStudioVersion = 10.0.40219.1
Project("{FAE04EC0-301F-11D3-BF4B-00C04F79EFBC}") = "A", "A\A.csproj", "{42B24BAF-18B1-4897-9DD3-4BB6155DDCAE}"
EndProject
Global
	GlobalSection(SolutionConfigurationPlatforms) = preSolution
		Debug|Any CPU = Debug|Any CPU
		Release|Any CPU = Release|Any CPU
	EndGlobalSection
	GlobalSection(ProjectConfigurationPlatforms) = postSolution
		{42B24BAF-18B1-4897-9DD3-4BB6155DDCAE}.Debug|Any CPU.ActiveCfg = Debug|Any CPU
		{42B24BAF-18B1-4897-9DD3-4BB6155DDCAE}.Debug|Any CPU.Build.0 = Debug|Any CPU
		{42B24BAF-18B1-4897-9DD3-4BB6155DDCAE}.Release|Any CPU.ActiveCfg = Release|Any CPU
		{42B24BAF-18B1-4897-9DD3-4BB6155DDCAE}.Release|Any CPU.Build.0 = Release|Any CPU
	EndGlobalSection
	GlobalSection(SolutionProperties) = preSolution
		HideSolutionNode = FALSE
	EndGlobalSection
	GlobalSection(ExtensibilityGlobals) = postSolution
		SolutionGuid = {0DEA4CD3-2F42-444E-B12D-A1968A2EE6BE}
	EndGlobalSection
EndGlobal
